
Microsoft Visual Studio Solution File, Format Version 12.00
# Visual Studio 15
VisualStudioVersion = 15.0.27004.2010
MinimumVisualStudioVersion = 10.0.40219.1
Project("{FAE04EC0-301F-11D3-BF4B-00C04F79EFBC}") = "PDFReportGenerator", "PDFReportGenerator\PDFReportGenerator.csproj", "{FA008237-1D79-4B6C-A366-2DDA50F9B38F}"
EndProject
Project("{FAE04EC0-301F-11D3-BF4B-00C04F79EFBC}") = "Sample", "Sample\Sample.csproj", "{07AA94A2-84F3-4CF3-B30A-CE3B3B654D27}"
EndProject
Global
	GlobalSection(SolutionConfigurationPlatforms) = preSolution
		Debug|Any CPU = Debug|Any CPU
		Release|Any CPU = Release|Any CPU
	EndGlobalSection
	GlobalSection(ProjectConfigurationPlatforms) = postSolution
		{FA008237-1D79-4B6C-A366-2DDA50F9B38F}.Debug|Any CPU.ActiveCfg = Debug|Any CPU
		{FA008237-1D79-4B6C-A366-2DDA50F9B38F}.Debug|Any CPU.Build.0 = Debug|Any CPU
		{FA008237-1D79-4B6C-A366-2DDA50F9B38F}.Release|Any CPU.ActiveCfg = Release|Any CPU
		{FA008237-1D79-4B6C-A366-2DDA50F9B38F}.Release|Any CPU.Build.0 = Release|Any CPU
		{07AA94A2-84F3-4CF3-B30A-CE3B3B654D27}.Debug|Any CPU.ActiveCfg = Debug|Any CPU
		{07AA94A2-84F3-4CF3-B30A-CE3B3B654D27}.Debug|Any CPU.Build.0 = Debug|Any CPU
		{07AA94A2-84F3-4CF3-B30A-CE3B3B654D27}.Release|Any CPU.ActiveCfg = Release|Any CPU
		{07AA94A2-84F3-4CF3-B30A-CE3B3B654D27}.Release|Any CPU.Build.0 = Release|Any CPU
	EndGlobalSection
	GlobalSection(SolutionProperties) = preSolution
		HideSolutionNode = FALSE
	EndGlobalSection
	GlobalSection(ExtensibilityGlobals) = postSolution
		SolutionGuid = {E694E386-674B-4C68-B1B2-DE605F4A9BC3}
	EndGlobalSection
EndGlobal
